// !$*UTF8*$!
{
	archiveVersion = 1;
	classes = {
	};
	objectVersion = 55;
	objects = {

/* Begin PBXBuildFile section */
		630D0F8A27CA63D000007806 /* Restaurant.swift in Sources */ = {isa = PBXBuildFile; fileRef = 630D0F8927CA63D000007806 /* Restaurant.swift */; };
		638BCB5A27D602ED00370C14 /* MapKit.framework in Frameworks */ = {isa = PBXBuildFile; fileRef = 638BCB5927D602ED00370C14 /* MapKit.framework */; };
		638BCB5C27D6049200370C14 /* RestaurantDetailMapCell.swift in Sources */ = {isa = PBXBuildFile; fileRef = 638BCB5B27D6049200370C14 /* RestaurantDetailMapCell.swift */; };
		638BCB5E27D614AE00370C14 /* MapViewController.swift in Sources */ = {isa = PBXBuildFile; fileRef = 638BCB5D27D614AE00370C14 /* MapViewController.swift */; };
		639D1CEF27D5CBAC00DCB9ED /* UIColor+Ext.swift in Sources */ = {isa = PBXBuildFile; fileRef = 639D1CEE27D5CBAC00DCB9ED /* UIColor+Ext.swift */; };
		639D1CF127D5D12900DCB9ED /* NavigationController.swift in Sources */ = {isa = PBXBuildFile; fileRef = 639D1CF027D5D12900DCB9ED /* NavigationController.swift */; };
		639D544F27CC85C4009FFD69 /* RestaurantDiffableDataSource.swift in Sources */ = {isa = PBXBuildFile; fileRef = 639D544E27CC85C4009FFD69 /* RestaurantDiffableDataSource.swift */; };
		63BA31AF27D8AEF400FC9ABC /* ReviewViewController.swift in Sources */ = {isa = PBXBuildFile; fileRef = 63BA31AE27D8AEF400FC9ABC /* ReviewViewController.swift */; };
		63DF5C3B27CCC1A70000F227 /* RestaurantDetailViewController.swift in Sources */ = {isa = PBXBuildFile; fileRef = 63DF5C3A27CCC1A70000F227 /* RestaurantDetailViewController.swift */; };
		63DF5C4127CCE1E70000F227 /* Nunito-Regular.ttf in Resources */ = {isa = PBXBuildFile; fileRef = 63DF5C3F27CCE1C80000F227 /* Nunito-Regular.ttf */; };
		63DF5C4227CCE1E70000F227 /* Nunito-Bold.ttf in Resources */ = {isa = PBXBuildFile; fileRef = 63DF5C4027CCE1C80000F227 /* Nunito-Bold.ttf */; };
		63DF5C4427CCEAD70000F227 /* RestaurantDetailHeaderView.swift in Sources */ = {isa = PBXBuildFile; fileRef = 63DF5C4327CCEAD70000F227 /* RestaurantDetailHeaderView.swift */; };
		63DF5C4627CCF9390000F227 /* RestaurantDetailTextCell.swift in Sources */ = {isa = PBXBuildFile; fileRef = 63DF5C4527CCF9390000F227 /* RestaurantDetailTextCell.swift */; };
		63DF5C4827CCFCDC0000F227 /* RestaurantDetailTwoColumnCell.swift in Sources */ = {isa = PBXBuildFile; fileRef = 63DF5C4727CCFCDC0000F227 /* RestaurantDetailTwoColumnCell.swift */; };
		63E7236227C38D2D0014FE3D /* AppDelegate.swift in Sources */ = {isa = PBXBuildFile; fileRef = 63E7236127C38D2D0014FE3D /* AppDelegate.swift */; };
		63E7236427C38D2D0014FE3D /* SceneDelegate.swift in Sources */ = {isa = PBXBuildFile; fileRef = 63E7236327C38D2D0014FE3D /* SceneDelegate.swift */; };
		63E7236927C38D2D0014FE3D /* Main.storyboard in Resources */ = {isa = PBXBuildFile; fileRef = 63E7236727C38D2D0014FE3D /* Main.storyboard */; };
		63E7236B27C38D2D0014FE3D /* Assets.xcassets in Resources */ = {isa = PBXBuildFile; fileRef = 63E7236A27C38D2D0014FE3D /* Assets.xcassets */; };
		63E7236E27C38D2D0014FE3D /* LaunchScreen.storyboard in Resources */ = {isa = PBXBuildFile; fileRef = 63E7236C27C38D2D0014FE3D /* LaunchScreen.storyboard */; };
		63E7237627C38E700014FE3D /* RestaurantTableViewController.swift in Sources */ = {isa = PBXBuildFile; fileRef = 63E7237527C38E700014FE3D /* RestaurantTableViewController.swift */; };
		63E7237827C3A2950014FE3D /* RestaurantTableViewCell.swift in Sources */ = {isa = PBXBuildFile; fileRef = 63E7237727C3A2950014FE3D /* RestaurantTableViewCell.swift */; };
/* End PBXBuildFile section */

/* Begin PBXFileReference section */
		630D0F8927CA63D000007806 /* Restaurant.swift */ = {isa = PBXFileReference; lastKnownFileType = sourcecode.swift; path = Restaurant.swift; sourceTree = "<group>"; };
		638BCB5927D602ED00370C14 /* MapKit.framework */ = {isa = PBXFileReference; lastKnownFileType = wrapper.framework; name = MapKit.framework; path = System/Library/Frameworks/MapKit.framework; sourceTree = SDKROOT; };
		638BCB5B27D6049200370C14 /* RestaurantDetailMapCell.swift */ = {isa = PBXFileReference; lastKnownFileType = sourcecode.swift; path = RestaurantDetailMapCell.swift; sourceTree = "<group>"; };
		638BCB5D27D614AE00370C14 /* MapViewController.swift */ = {isa = PBXFileReference; lastKnownFileType = sourcecode.swift; path = MapViewController.swift; sourceTree = "<group>"; };
		639D1CEE27D5CBAC00DCB9ED /* UIColor+Ext.swift */ = {isa = PBXFileReference; lastKnownFileType = sourcecode.swift; path = "UIColor+Ext.swift"; sourceTree = "<group>"; };
		639D1CF027D5D12900DCB9ED /* NavigationController.swift */ = {isa = PBXFileReference; lastKnownFileType = sourcecode.swift; path = NavigationController.swift; sourceTree = "<group>"; };
		639D544E27CC85C4009FFD69 /* RestaurantDiffableDataSource.swift */ = {isa = PBXFileReference; lastKnownFileType = sourcecode.swift; path = RestaurantDiffableDataSource.swift; sourceTree = "<group>"; };
		63BA31AE27D8AEF400FC9ABC /* ReviewViewController.swift */ = {isa = PBXFileReference; lastKnownFileType = sourcecode.swift; path = ReviewViewController.swift; sourceTree = "<group>"; };
		63DF5C3A27CCC1A70000F227 /* RestaurantDetailViewController.swift */ = {isa = PBXFileReference; lastKnownFileType = sourcecode.swift; path = RestaurantDetailViewController.swift; sourceTree = "<group>"; };
		63DF5C3F27CCE1C80000F227 /* Nunito-Regular.ttf */ = {isa = PBXFileReference; lastKnownFileType = file; path = "Nunito-Regular.ttf"; sourceTree = "<group>"; };
		63DF5C4027CCE1C80000F227 /* Nunito-Bold.ttf */ = {isa = PBXFileReference; lastKnownFileType = file; path = "Nunito-Bold.ttf"; sourceTree = "<group>"; };
		63DF5C4327CCEAD70000F227 /* RestaurantDetailHeaderView.swift */ = {isa = PBXFileReference; lastKnownFileType = sourcecode.swift; path = RestaurantDetailHeaderView.swift; sourceTree = "<group>"; };
		63DF5C4527CCF9390000F227 /* RestaurantDetailTextCell.swift */ = {isa = PBXFileReference; lastKnownFileType = sourcecode.swift; path = RestaurantDetailTextCell.swift; sourceTree = "<group>"; };
		63DF5C4727CCFCDC0000F227 /* RestaurantDetailTwoColumnCell.swift */ = {isa = PBXFileReference; lastKnownFileType = sourcecode.swift; path = RestaurantDetailTwoColumnCell.swift; sourceTree = "<group>"; };
		63E7235E27C38D2D0014FE3D /* FoodPin.app */ = {isa = PBXFileReference; explicitFileType = wrapper.application; includeInIndex = 0; path = FoodPin.app; sourceTree = BUILT_PRODUCTS_DIR; };
		63E7236127C38D2D0014FE3D /* AppDelegate.swift */ = {isa = PBXFileReference; lastKnownFileType = sourcecode.swift; path = AppDelegate.swift; sourceTree = "<group>"; };
		63E7236327C38D2D0014FE3D /* SceneDelegate.swift */ = {isa = PBXFileReference; lastKnownFileType = sourcecode.swift; path = SceneDelegate.swift; sourceTree = "<group>"; };
		63E7236827C38D2D0014FE3D /* Base */ = {isa = PBXFileReference; lastKnownFileType = file.storyboard; name = Base; path = Base.lproj/Main.storyboard; sourceTree = "<group>"; };
		63E7236A27C38D2D0014FE3D /* Assets.xcassets */ = {isa = PBXFileReference; lastKnownFileType = folder.assetcatalog; path = Assets.xcassets; sourceTree = "<group>"; };
		63E7236D27C38D2D0014FE3D /* Base */ = {isa = PBXFileReference; lastKnownFileType = file.storyboard; name = Base; path = Base.lproj/LaunchScreen.storyboard; sourceTree = "<group>"; };
		63E7236F27C38D2D0014FE3D /* Info.plist */ = {isa = PBXFileReference; lastKnownFileType = text.plist.xml; path = Info.plist; sourceTree = "<group>"; };
		63E7237527C38E700014FE3D /* RestaurantTableViewController.swift */ = {isa = PBXFileReference; lastKnownFileType = sourcecode.swift; path = RestaurantTableViewController.swift; sourceTree = "<group>"; };
		63E7237727C3A2950014FE3D /* RestaurantTableViewCell.swift */ = {isa = PBXFileReference; lastKnownFileType = sourcecode.swift; path = RestaurantTableViewCell.swift; sourceTree = "<group>"; };
/* End PBXFileReference section */

/* Begin PBXFrameworksBuildPhase section */
		63E7235B27C38D2D0014FE3D /* Frameworks */ = {
			isa = PBXFrameworksBuildPhase;
			buildActionMask = 2147483647;
			files = (
				638BCB5A27D602ED00370C14 /* MapKit.framework in Frameworks */,
			);
			runOnlyForDeploymentPostprocessing = 0;
		};
/* End PBXFrameworksBuildPhase section */

/* Begin PBXGroup section */
		630D0F8B27CA66A900007806 /* Model */ = {
			isa = PBXGroup;
			children = (
				630D0F8927CA63D000007806 /* Restaurant.swift */,
				639D544E27CC85C4009FFD69 /* RestaurantDiffableDataSource.swift */,
			);
			path = Model;
			sourceTree = "<group>";
		};
		630D0F8C27CA7C5400007806 /* Controller */ = {
			isa = PBXGroup;
			children = (
				63E7237527C38E700014FE3D /* RestaurantTableViewController.swift */,
				63DF5C3A27CCC1A70000F227 /* RestaurantDetailViewController.swift */,
				639D1CF027D5D12900DCB9ED /* NavigationController.swift */,
				638BCB5D27D614AE00370C14 /* MapViewController.swift */,
				63BA31AE27D8AEF400FC9ABC /* ReviewViewController.swift */,
			);
			path = Controller;
			sourceTree = "<group>";
		};
		630D0F8D27CA7C5F00007806 /* View */ = {
			isa = PBXGroup;
			children = (
				63E7237727C3A2950014FE3D /* RestaurantTableViewCell.swift */,
				63DF5C4327CCEAD70000F227 /* RestaurantDetailHeaderView.swift */,
				63DF5C4527CCF9390000F227 /* RestaurantDetailTextCell.swift */,
				63DF5C4727CCFCDC0000F227 /* RestaurantDetailTwoColumnCell.swift */,
				638BCB5B27D6049200370C14 /* RestaurantDetailMapCell.swift */,
			);
			path = View;
			sourceTree = "<group>";
		};
		630D0F8E27CA7C7900007806 /* Extensions */ = {
			isa = PBXGroup;
			children = (
				63E7236127C38D2D0014FE3D /* AppDelegate.swift */,
				63E7236327C38D2D0014FE3D /* SceneDelegate.swift */,
				639D1CEE27D5CBAC00DCB9ED /* UIColor+Ext.swift */,
			);
			path = Extensions;
			sourceTree = "<group>";
		};
		638BCB5827D602ED00370C14 /* Frameworks */ = {
			isa = PBXGroup;
			children = (
				638BCB5927D602ED00370C14 /* MapKit.framework */,
			);
			name = Frameworks;
			sourceTree = "<group>";
		};
		63DF5C3927CC994F0000F227 /* Core */ = {
			isa = PBXGroup;
			children = (
				63E7236A27C38D2D0014FE3D /* Assets.xcassets */,
				63E7236F27C38D2D0014FE3D /* Info.plist */,
			);
			path = Core;
			sourceTree = "<group>";
		};
		63DF5C3C27CCE0C90000F227 /* Resources */ = {
			isa = PBXGroup;
			children = (
				63DF5C3E27CCE0EB0000F227 /* Fonts */,
			);
			path = Resources;
			sourceTree = "<group>";
		};
		63DF5C3D27CCE0D50000F227 /* Storyboard */ = {
			isa = PBXGroup;
			children = (
				63E7236727C38D2D0014FE3D /* Main.storyboard */,
				63E7236C27C38D2D0014FE3D /* LaunchScreen.storyboard */,
			);
			path = Storyboard;
			sourceTree = "<group>";
		};
		63DF5C3E27CCE0EB0000F227 /* Fonts */ = {
			isa = PBXGroup;
			children = (
				63DF5C4027CCE1C80000F227 /* Nunito-Bold.ttf */,
				63DF5C3F27CCE1C80000F227 /* Nunito-Regular.ttf */,
			);
			path = Fonts;
			sourceTree = "<group>";
		};
		63E7235527C38D2D0014FE3D = {
			isa = PBXGroup;
			children = (
				63E7236027C38D2D0014FE3D /* FoodPin */,
				63E7235F27C38D2D0014FE3D /* Products */,
				638BCB5827D602ED00370C14 /* Frameworks */,
			);
			sourceTree = "<group>";
		};
		63E7235F27C38D2D0014FE3D /* Products */ = {
			isa = PBXGroup;
			children = (
				63E7235E27C38D2D0014FE3D /* FoodPin.app */,
			);
			name = Products;
			sourceTree = "<group>";
		};
		63E7236027C38D2D0014FE3D /* FoodPin */ = {
			isa = PBXGroup;
			children = (
				630D0F8B27CA66A900007806 /* Model */,
				630D0F8D27CA7C5F00007806 /* View */,
				630D0F8C27CA7C5400007806 /* Controller */,
				63DF5C3D27CCE0D50000F227 /* Storyboard */,
				63DF5C3C27CCE0C90000F227 /* Resources */,
				630D0F8E27CA7C7900007806 /* Extensions */,
				63DF5C3927CC994F0000F227 /* Core */,
			);
			path = FoodPin;
			sourceTree = "<group>";
		};
/* End PBXGroup section */

/* Begin PBXNativeTarget section */
		63E7235D27C38D2D0014FE3D /* FoodPin */ = {
			isa = PBXNativeTarget;
			buildConfigurationList = 63E7237227C38D2D0014FE3D /* Build configuration list for PBXNativeTarget "FoodPin" */;
			buildPhases = (
				63E7235A27C38D2D0014FE3D /* Sources */,
				63E7235B27C38D2D0014FE3D /* Frameworks */,
				63E7235C27C38D2D0014FE3D /* Resources */,
			);
			buildRules = (
			);
			dependencies = (
			);
			name = FoodPin;
			productName = FoodPin;
			productReference = 63E7235E27C38D2D0014FE3D /* FoodPin.app */;
			productType = "com.apple.product-type.application";
		};
/* End PBXNativeTarget section */

/* Begin PBXProject section */
		63E7235627C38D2D0014FE3D /* Project object */ = {
			isa = PBXProject;
			attributes = {
				BuildIndependentTargetsInParallel = 1;
				LastSwiftUpdateCheck = 1310;
				LastUpgradeCheck = 1310;
				TargetAttributes = {
					63E7235D27C38D2D0014FE3D = {
						CreatedOnToolsVersion = 13.1;
					};
				};
			};
			buildConfigurationList = 63E7235927C38D2D0014FE3D /* Build configuration list for PBXProject "FoodPin" */;
			compatibilityVersion = "Xcode 13.0";
			developmentRegion = en;
			hasScannedForEncodings = 0;
			knownRegions = (
				en,
				Base,
			);
			mainGroup = 63E7235527C38D2D0014FE3D;
			productRefGroup = 63E7235F27C38D2D0014FE3D /* Products */;
			projectDirPath = "";
			projectRoot = "";
			targets = (
				63E7235D27C38D2D0014FE3D /* FoodPin */,
			);
		};
/* End PBXProject section */

/* Begin PBXResourcesBuildPhase section */
		63E7235C27C38D2D0014FE3D /* Resources */ = {
			isa = PBXResourcesBuildPhase;
			buildActionMask = 2147483647;
			files = (
				63E7236E27C38D2D0014FE3D /* LaunchScreen.storyboard in Resources */,
				63DF5C4227CCE1E70000F227 /* Nunito-Bold.ttf in Resources */,
				63E7236B27C38D2D0014FE3D /* Assets.xcassets in Resources */,
				63DF5C4127CCE1E70000F227 /* Nunito-Regular.ttf in Resources */,
				63E7236927C38D2D0014FE3D /* Main.storyboard in Resources */,
			);
			runOnlyForDeploymentPostprocessing = 0;
		};
/* End PBXResourcesBuildPhase section */

/* Begin PBXSourcesBuildPhase section */
		63E7235A27C38D2D0014FE3D /* Sources */ = {
			isa = PBXSourcesBuildPhase;
			buildActionMask = 2147483647;
			files = (
				630D0F8A27CA63D000007806 /* Restaurant.swift in Sources */,
				639D1CF127D5D12900DCB9ED /* NavigationController.swift in Sources */,
				63BA31AF27D8AEF400FC9ABC /* ReviewViewController.swift in Sources */,
				63DF5C4627CCF9390000F227 /* RestaurantDetailTextCell.swift in Sources */,
				63E7237827C3A2950014FE3D /* RestaurantTableViewCell.swift in Sources */,
				63E7236227C38D2D0014FE3D /* AppDelegate.swift in Sources */,
				639D1CEF27D5CBAC00DCB9ED /* UIColor+Ext.swift in Sources */,
				63DF5C4827CCFCDC0000F227 /* RestaurantDetailTwoColumnCell.swift in Sources */,
				63E7236427C38D2D0014FE3D /* SceneDelegate.swift in Sources */,
				638BCB5C27D6049200370C14 /* RestaurantDetailMapCell.swift in Sources */,
				639D544F27CC85C4009FFD69 /* RestaurantDiffableDataSource.swift in Sources */,
				63DF5C3B27CCC1A70000F227 /* RestaurantDetailViewController.swift in Sources */,
				63DF5C4427CCEAD70000F227 /* RestaurantDetailHeaderView.swift in Sources */,
				63E7237627C38E700014FE3D /* RestaurantTableViewController.swift in Sources */,
				638BCB5E27D614AE00370C14 /* MapViewController.swift in Sources */,
			);
			runOnlyForDeploymentPostprocessing = 0;
		};
/* End PBXSourcesBuildPhase section */

/* Begin PBXVariantGroup section */
		63E7236727C38D2D0014FE3D /* Main.storyboard */ = {
			isa = PBXVariantGroup;
			children = (
				63E7236827C38D2D0014FE3D /* Base */,
			);
			name = Main.storyboard;
			sourceTree = "<group>";
		};
		63E7236C27C38D2D0014FE3D /* LaunchScreen.storyboard */ = {
			isa = PBXVariantGroup;
			children = (
				63E7236D27C38D2D0014FE3D /* Base */,
			);
			name = LaunchScreen.storyboard;
			sourceTree = "<group>";
		};
/* End PBXVariantGroup section */

/* Begin XCBuildConfiguration section */
		63E7237027C38D2D0014FE3D /* Debug */ = {
			isa = XCBuildConfiguration;
			buildSettings = {
				ALWAYS_SEARCH_USER_PATHS = NO;
				CLANG_ANALYZER_NONNULL = YES;
				CLANG_ANALYZER_NUMBER_OBJECT_CONVERSION = YES_AGGRESSIVE;
				CLANG_CXX_LANGUAGE_STANDARD = "gnu++17";
				CLANG_CXX_LIBRARY = "libc++";
				CLANG_ENABLE_MODULES = YES;
				CLANG_ENABLE_OBJC_ARC = YES;
				CLANG_ENABLE_OBJC_WEAK = YES;
				CLANG_WARN_BLOCK_CAPTURE_AUTORELEASING = YES;
				CLANG_WARN_BOOL_CONVERSION = YES;
				CLANG_WARN_COMMA = YES;
				CLANG_WARN_CONSTANT_CONVERSION = YES;
				CLANG_WARN_DEPRECATED_OBJC_IMPLEMENTATIONS = YES;
				CLANG_WARN_DIRECT_OBJC_ISA_USAGE = YES_ERROR;
				CLANG_WARN_DOCUMENTATION_COMMENTS = YES;
				CLANG_WARN_EMPTY_BODY = YES;
				CLANG_WARN_ENUM_CONVERSION = YES;
				CLANG_WARN_INFINITE_RECURSION = YES;
				CLANG_WARN_INT_CONVERSION = YES;
				CLANG_WARN_NON_LITERAL_NULL_CONVERSION = YES;
				CLANG_WARN_OBJC_IMPLICIT_RETAIN_SELF = YES;
				CLANG_WARN_OBJC_LITERAL_CONVERSION = YES;
				CLANG_WARN_OBJC_ROOT_CLASS = YES_ERROR;
				CLANG_WARN_QUOTED_INCLUDE_IN_FRAMEWORK_HEADER = YES;
				CLANG_WARN_RANGE_LOOP_ANALYSIS = YES;
				CLANG_WARN_STRICT_PROTOTYPES = YES;
				CLANG_WARN_SUSPICIOUS_MOVE = YES;
				CLANG_WARN_UNGUARDED_AVAILABILITY = YES_AGGRESSIVE;
				CLANG_WARN_UNREACHABLE_CODE = YES;
				CLANG_WARN__DUPLICATE_METHOD_MATCH = YES;
				COPY_PHASE_STRIP = NO;
				DEBUG_INFORMATION_FORMAT = dwarf;
				ENABLE_STRICT_OBJC_MSGSEND = YES;
				ENABLE_TESTABILITY = YES;
				GCC_C_LANGUAGE_STANDARD = gnu11;
				GCC_DYNAMIC_NO_PIC = NO;
				GCC_NO_COMMON_BLOCKS = YES;
				GCC_OPTIMIZATION_LEVEL = 0;
				GCC_PREPROCESSOR_DEFINITIONS = (
					"DEBUG=1",
					"$(inherited)",
				);
				GCC_WARN_64_TO_32_BIT_CONVERSION = YES;
				GCC_WARN_ABOUT_RETURN_TYPE = YES_ERROR;
				GCC_WARN_UNDECLARED_SELECTOR = YES;
				GCC_WARN_UNINITIALIZED_AUTOS = YES_AGGRESSIVE;
				GCC_WARN_UNUSED_FUNCTION = YES;
				GCC_WARN_UNUSED_VARIABLE = YES;
				IPHONEOS_DEPLOYMENT_TARGET = 15.0;
				MTL_ENABLE_DEBUG_INFO = INCLUDE_SOURCE;
				MTL_FAST_MATH = YES;
				ONLY_ACTIVE_ARCH = YES;
				SDKROOT = iphoneos;
				SWIFT_ACTIVE_COMPILATION_CONDITIONS = DEBUG;
				SWIFT_OPTIMIZATION_LEVEL = "-Onone";
			};
			name = Debug;
		};
		63E7237127C38D2D0014FE3D /* Release */ = {
			isa = XCBuildConfiguration;
			buildSettings = {
				ALWAYS_SEARCH_USER_PATHS = NO;
				CLANG_ANALYZER_NONNULL = YES;
				CLANG_ANALYZER_NUMBER_OBJECT_CONVERSION = YES_AGGRESSIVE;
				CLANG_CXX_LANGUAGE_STANDARD = "gnu++17";
				CLANG_CXX_LIBRARY = "libc++";
				CLANG_ENABLE_MODULES = YES;
				CLANG_ENABLE_OBJC_ARC = YES;
				CLANG_ENABLE_OBJC_WEAK = YES;
				CLANG_WARN_BLOCK_CAPTURE_AUTORELEASING = YES;
				CLANG_WARN_BOOL_CONVERSION = YES;
				CLANG_WARN_COMMA = YES;
				CLANG_WARN_CONSTANT_CONVERSION = YES;
				CLANG_WARN_DEPRECATED_OBJC_IMPLEMENTATIONS = YES;
				CLANG_WARN_DIRECT_OBJC_ISA_USAGE = YES_ERROR;
				CLANG_WARN_DOCUMENTATION_COMMENTS = YES;
				CLANG_WARN_EMPTY_BODY = YES;
				CLANG_WARN_ENUM_CONVERSION = YES;
				CLANG_WARN_INFINITE_RECURSION = YES;
				CLANG_WARN_INT_CONVERSION = YES;
				CLANG_WARN_NON_LITERAL_NULL_CONVERSION = YES;
				CLANG_WARN_OBJC_IMPLICIT_RETAIN_SELF = YES;
				CLANG_WARN_OBJC_LITERAL_CONVERSION = YES;
				CLANG_WARN_OBJC_ROOT_CLASS = YES_ERROR;
				CLANG_WARN_QUOTED_INCLUDE_IN_FRAMEWORK_HEADER = YES;
				CLANG_WARN_RANGE_LOOP_ANALYSIS = YES;
				CLANG_WARN_STRICT_PROTOTYPES = YES;
				CLANG_WARN_SUSPICIOUS_MOVE = YES;
				CLANG_WARN_UNGUARDED_AVAILABILITY = YES_AGGRESSIVE;
				CLANG_WARN_UNREACHABLE_CODE = YES;
				CLANG_WARN__DUPLICATE_METHOD_MATCH = YES;
				COPY_PHASE_STRIP = NO;
				DEBUG_INFORMATION_FORMAT = "dwarf-with-dsym";
				ENABLE_NS_ASSERTIONS = NO;
				ENABLE_STRICT_OBJC_MSGSEND = YES;
				GCC_C_LANGUAGE_STANDARD = gnu11;
				GCC_NO_COMMON_BLOCKS = YES;
				GCC_WARN_64_TO_32_BIT_CONVERSION = YES;
				GCC_WARN_ABOUT_RETURN_TYPE = YES_ERROR;
				GCC_WARN_UNDECLARED_SELECTOR = YES;
				GCC_WARN_UNINITIALIZED_AUTOS = YES_AGGRESSIVE;
				GCC_WARN_UNUSED_FUNCTION = YES;
				GCC_WARN_UNUSED_VARIABLE = YES;
				IPHONEOS_DEPLOYMENT_TARGET = 15.0;
				MTL_ENABLE_DEBUG_INFO = NO;
				MTL_FAST_MATH = YES;
				SDKROOT = iphoneos;
				SWIFT_COMPILATION_MODE = wholemodule;
				SWIFT_OPTIMIZATION_LEVEL = "-O";
				VALIDATE_PRODUCT = YES;
			};
			name = Release;
		};
		63E7237327C38D2D0014FE3D /* Debug */ = {
			isa = XCBuildConfiguration;
			buildSettings = {
				ASSETCATALOG_COMPILER_APPICON_NAME = AppIcon;
				ASSETCATALOG_COMPILER_GLOBAL_ACCENT_COLOR_NAME = AccentColor;
				CODE_SIGN_STYLE = Automatic;
				CURRENT_PROJECT_VERSION = 1;
				DEVELOPMENT_TEAM = WUJ5ZM42NZ;
				GENERATE_INFOPLIST_FILE = YES;
				INFOPLIST_FILE = FoodPin/Core/Info.plist;
				INFOPLIST_KEY_UIApplicationSupportsIndirectInputEvents = YES;
				INFOPLIST_KEY_UILaunchStoryboardName = LaunchScreen;
				INFOPLIST_KEY_UIMainStoryboardFile = Main;
				INFOPLIST_KEY_UISupportedInterfaceOrientations = "UIInterfaceOrientationPortrait UIInterfaceOrientationLandscapeLeft UIInterfaceOrientationLandscapeRight";
				INFOPLIST_KEY_UISupportedInterfaceOrientations_iPad = "UIInterfaceOrientationPortrait UIInterfaceOrientationPortraitUpsideDown UIInterfaceOrientationLandscapeLeft UIInterfaceOrientationLandscapeRight";
				INFOPLIST_KEY_UISupportedInterfaceOrientations_iPhone = "UIInterfaceOrientationPortrait UIInterfaceOrientationLandscapeLeft UIInterfaceOrientationLandscapeRight";
				LD_RUNPATH_SEARCH_PATHS = (
					"$(inherited)",
					"@executable_path/Frameworks",
				);
				MARKETING_VERSION = 1.0;
				PRODUCT_BUNDLE_IDENTIFIER = com.alshdjv.FoodPin;
				PRODUCT_NAME = "$(TARGET_NAME)";
				SWIFT_EMIT_LOC_STRINGS = YES;
				SWIFT_VERSION = 5.0;
				TARGETED_DEVICE_FAMILY = "1,2";
			};
			name = Debug;
		};
		63E7237427C38D2D0014FE3D /* Release */ = {
			isa = XCBuildConfiguration;
			buildSettings = {
				ASSETCATALOG_COMPILER_APPICON_NAME = AppIcon;
				ASSETCATALOG_COMPILER_GLOBAL_ACCENT_COLOR_NAME = AccentColor;
				CODE_SIGN_STYLE = Automatic;
				CURRENT_PROJECT_VERSION = 1;
				DEVELOPMENT_TEAM = WUJ5ZM42NZ;
				GENERATE_INFOPLIST_FILE = YES;
				INFOPLIST_FILE = FoodPin/Core/Info.plist;
				INFOPLIST_KEY_UIApplicationSupportsIndirectInputEvents = YES;
				INFOPLIST_KEY_UILaunchStoryboardName = LaunchScreen;
				INFOPLIST_KEY_UIMainStoryboardFile = Main;
				INFOPLIST_KEY_UISupportedInterfaceOrientations = "UIInterfaceOrientationPortrait UIInterfaceOrientationLandscapeLeft UIInterfaceOrientationLandscapeRight";
				INFOPLIST_KEY_UISupportedInterfaceOrientations_iPad = "UIInterfaceOrientationPortrait UIInterfaceOrientationPortraitUpsideDown UIInterfaceOrientationLandscapeLeft UIInterfaceOrientationLandscapeRight";
				INFOPLIST_KEY_UISupportedInterfaceOrientations_iPhone = "UIInterfaceOrientationPortrait UIInterfaceOrientationLandscapeLeft UIInterfaceOrientationLandscapeRight";
				LD_RUNPATH_SEARCH_PATHS = (
					"$(inherited)",
					"@executable_path/Frameworks",
				);
				MARKETING_VERSION = 1.0;
				PRODUCT_BUNDLE_IDENTIFIER = com.alshdjv.FoodPin;
				PRODUCT_NAME = "$(TARGET_NAME)";
				SWIFT_EMIT_LOC_STRINGS = YES;
				SWIFT_VERSION = 5.0;
				TARGETED_DEVICE_FAMILY = "1,2";
			};
			name = Release;
		};
/* End XCBuildConfiguration section */

/* Begin XCConfigurationList section */
		63E7235927C38D2D0014FE3D /* Build configuration list for PBXProject "FoodPin" */ = {
			isa = XCConfigurationList;
			buildConfigurations = (
				63E7237027C38D2D0014FE3D /* Debug */,
				63E7237127C38D2D0014FE3D /* Release */,
			);
			defaultConfigurationIsVisible = 0;
			defaultConfigurationName = Release;
		};
		63E7237227C38D2D0014FE3D /* Build configuration list for PBXNativeTarget "FoodPin" */ = {
			isa = XCConfigurationList;
			buildConfigurations = (
				63E7237327C38D2D0014FE3D /* Debug */,
				63E7237427C38D2D0014FE3D /* Release */,
			);
			defaultConfigurationIsVisible = 0;
			defaultConfigurationName = Release;
		};
/* End XCConfigurationList section */
	};
	rootObject = 63E7235627C38D2D0014FE3D /* Project object */;
}
